
Microsoft Visual Studio Solution File, Format Version 12.00
# Visual Studio Version 16
VisualStudioVersion = 16.0.29728.190
MinimumVisualStudioVersion = 10.0.40219.1
Project("{FAE04EC0-301F-11D3-BF4B-00C04F79EFBC}") = "DCAnalyticsWebApi", "DCAnalyticsWebApi\DCAnalyticsWebApi.csproj", "{5337E23B-D866-4993-AFAC-38EE8EC8CF55}"
EndProject
Project("{FAE04EC0-301F-11D3-BF4B-00C04F79EFBC}") = "DCAnalyticsMobile.Android", "DCAnalyticsMobile\DCAnalyticsMobile.Android\DCAnalyticsMobile.Android.csproj", "{D81BFD49-05C3-4AFC-8C04-D5F2E39C7316}"
EndProject
Project("{FAE04EC0-301F-11D3-BF4B-00C04F79EFBC}") = "DCAnalyticsMobile.iOS", "DCAnalyticsMobile\DCAnalyticsMobile.iOS\DCAnalyticsMobile.iOS.csproj", "{B7CA5AD1-FC8D-47C3-889D-3246583697BF}"
EndProject
Project("{9A19103F-16F7-4668-BE54-9A1E7A4F7556}") = "DCAnalyticsMobile", "DCAnalyticsMobile\DCAnalyticsMobile\DCAnalyticsMobile.csproj", "{052A1580-87D8-4D76-A1F8-2A01944D3EB9}"
EndProject
Project("{9A19103F-16F7-4668-BE54-9A1E7A4F7556}") = "DCAnalytics", "DCAnalyticsOM\DCAnalytics.csproj", "{EA69F12C-6E44-460B-BC2D-7C53F24021C4}"
EndProject
Project("{FAE04EC0-301F-11D3-BF4B-00C04F79EFBC}") = "DCAnalytics.Data", "DCAnalytics.Data\DCAnalytics.Data.csproj", "{AEEB81B0-12C6-4832-A6D9-A79701E5676F}"
EndProject
Project("{FAE04EC0-301F-11D3-BF4B-00C04F79EFBC}") = "DCAnalyticsModellingDesktop", "DCAnalyticsModellingDesktop\DCAnalyticsModellingDesktop.csproj", "{EC90E1D7-ECB4-41EB-9CC1-267DC49F9662}"
EndProject
Project("{9A19103F-16F7-4668-BE54-9A1E7A4F7556}") = "DCAnalyticsWebShell", "DCAnalyticsWebShell\DCAnalyticsWebShell.csproj", "{2B86F2C7-1D30-47D9-9307-3FA11458FF09}"
EndProject
Global
	GlobalSection(SolutionConfigurationPlatforms) = preSolution
		Ad-Hoc|Any CPU = Ad-Hoc|Any CPU
		Ad-Hoc|iPhone = Ad-Hoc|iPhone
		Ad-Hoc|iPhoneSimulator = Ad-Hoc|iPhoneSimulator
		AppStore|Any CPU = AppStore|Any CPU
		AppStore|iPhone = AppStore|iPhone
		AppStore|iPhoneSimulator = AppStore|iPhoneSimulator
		Debug|Any CPU = Debug|Any CPU
		Debug|iPhone = Debug|iPhone
		Debug|iPhoneSimulator = Debug|iPhoneSimulator
		Release|Any CPU = Release|Any CPU
		Release|iPhone = Release|iPhone
		Release|iPhoneSimulator = Release|iPhoneSimulator
	EndGlobalSection
	GlobalSection(ProjectConfigurationPlatforms) = postSolution
		{5337E23B-D866-4993-AFAC-38EE8EC8CF55}.Ad-Hoc|Any CPU.ActiveCfg = Release|Any CPU
		{5337E23B-D866-4993-AFAC-38EE8EC8CF55}.Ad-Hoc|Any CPU.Build.0 = Release|Any CPU
		{5337E23B-D866-4993-AFAC-38EE8EC8CF55}.Ad-Hoc|iPhone.ActiveCfg = Release|Any CPU
		{5337E23B-D866-4993-AFAC-38EE8EC8CF55}.Ad-Hoc|iPhone.Build.0 = Release|Any CPU
		{5337E23B-D866-4993-AFAC-38EE8EC8CF55}.Ad-Hoc|iPhoneSimulator.ActiveCfg = Release|Any CPU
		{5337E23B-D866-4993-AFAC-38EE8EC8CF55}.Ad-Hoc|iPhoneSimulator.Build.0 = Release|Any CPU
		{5337E23B-D866-4993-AFAC-38EE8EC8CF55}.AppStore|Any CPU.ActiveCfg = Release|Any CPU
		{5337E23B-D866-4993-AFAC-38EE8EC8CF55}.AppStore|Any CPU.Build.0 = Release|Any CPU
		{5337E23B-D866-4993-AFAC-38EE8EC8CF55}.AppStore|iPhone.ActiveCfg = Release|Any CPU
		{5337E23B-D866-4993-AFAC-38EE8EC8CF55}.AppStore|iPhone.Build.0 = Release|Any CPU
		{5337E23B-D866-4993-AFAC-38EE8EC8CF55}.AppStore|iPhoneSimulator.ActiveCfg = Release|Any CPU
		{5337E23B-D866-4993-AFAC-38EE8EC8CF55}.AppStore|iPhoneSimulator.Build.0 = Release|Any CPU
		{5337E23B-D866-4993-AFAC-38EE8EC8CF55}.Debug|Any CPU.ActiveCfg = Debug|Any CPU
		{5337E23B-D866-4993-AFAC-38EE8EC8CF55}.Debug|Any CPU.Build.0 = Debug|Any CPU
		{5337E23B-D866-4993-AFAC-38EE8EC8CF55}.Debug|iPhone.ActiveCfg = Debug|Any CPU
		{5337E23B-D866-4993-AFAC-38EE8EC8CF55}.Debug|iPhone.Build.0 = Debug|Any CPU
		{5337E23B-D866-4993-AFAC-38EE8EC8CF55}.Debug|iPhoneSimulator.ActiveCfg = Debug|Any CPU
		{5337E23B-D866-4993-AFAC-38EE8EC8CF55}.Debug|iPhoneSimulator.Build.0 = Debug|Any CPU
		{5337E23B-D866-4993-AFAC-38EE8EC8CF55}.Release|Any CPU.ActiveCfg = Release|Any CPU
		{5337E23B-D866-4993-AFAC-38EE8EC8CF55}.Release|Any CPU.Build.0 = Release|Any CPU
		{5337E23B-D866-4993-AFAC-38EE8EC8CF55}.Release|iPhone.ActiveCfg = Release|Any CPU
		{5337E23B-D866-4993-AFAC-38EE8EC8CF55}.Release|iPhone.Build.0 = Release|Any CPU
		{5337E23B-D866-4993-AFAC-38EE8EC8CF55}.Release|iPhoneSimulator.ActiveCfg = Release|Any CPU
		{5337E23B-D866-4993-AFAC-38EE8EC8CF55}.Release|iPhoneSimulator.Build.0 = Release|Any CPU
		{D81BFD49-05C3-4AFC-8C04-D5F2E39C7316}.Ad-Hoc|Any CPU.ActiveCfg = Release|Any CPU
		{D81BFD49-05C3-4AFC-8C04-D5F2E39C7316}.Ad-Hoc|Any CPU.Build.0 = Release|Any CPU
		{D81BFD49-05C3-4AFC-8C04-D5F2E39C7316}.Ad-Hoc|Any CPU.Deploy.0 = Release|Any CPU
		{D81BFD49-05C3-4AFC-8C04-D5F2E39C7316}.Ad-Hoc|iPhone.ActiveCfg = Release|Any CPU
		{D81BFD49-05C3-4AFC-8C04-D5F2E39C7316}.Ad-Hoc|iPhone.Build.0 = Release|Any CPU
		{D81BFD49-05C3-4AFC-8C04-D5F2E39C7316}.Ad-Hoc|iPhone.Deploy.0 = Release|Any CPU
		{D81BFD49-05C3-4AFC-8C04-D5F2E39C7316}.Ad-Hoc|iPhoneSimulator.ActiveCfg = Release|Any CPU
		{D81BFD49-05C3-4AFC-8C04-D5F2E39C7316}.Ad-Hoc|iPhoneSimulator.Build.0 = Release|Any CPU
		{D81BFD49-05C3-4AFC-8C04-D5F2E39C7316}.Ad-Hoc|iPhoneSimulator.Deploy.0 = Release|Any CPU
		{D81BFD49-05C3-4AFC-8C04-D5F2E39C7316}.AppStore|Any CPU.ActiveCfg = Release|Any CPU
		{D81BFD49-05C3-4AFC-8C04-D5F2E39C7316}.AppStore|Any CPU.Build.0 = Release|Any CPU
		{D81BFD49-05C3-4AFC-8C04-D5F2E39C7316}.AppStore|Any CPU.Deploy.0 = Release|Any CPU
		{D81BFD49-05C3-4AFC-8C04-D5F2E39C7316}.AppStore|iPhone.ActiveCfg = Release|Any CPU
		{D81BFD49-05C3-4AFC-8C04-D5F2E39C7316}.AppStore|iPhone.Build.0 = Release|Any CPU
		{D81BFD49-05C3-4AFC-8C04-D5F2E39C7316}.AppStore|iPhone.Deploy.0 = Release|Any CPU
		{D81BFD49-05C3-4AFC-8C04-D5F2E39C7316}.AppStore|iPhoneSimulator.ActiveCfg = Release|Any CPU
		{D81BFD49-05C3-4AFC-8C04-D5F2E39C7316}.AppStore|iPhoneSimulator.Build.0 = Release|Any CPU
		{D81BFD49-05C3-4AFC-8C04-D5F2E39C7316}.AppStore|iPhoneSimulator.Deploy.0 = Release|Any CPU
		{D81BFD49-05C3-4AFC-8C04-D5F2E39C7316}.Debug|Any CPU.ActiveCfg = Debug|Any CPU
		{D81BFD49-05C3-4AFC-8C04-D5F2E39C7316}.Debug|Any CPU.Build.0 = Debug|Any CPU
		{D81BFD49-05C3-4AFC-8C04-D5F2E39C7316}.Debug|Any CPU.Deploy.0 = Debug|Any CPU
		{D81BFD49-05C3-4AFC-8C04-D5F2E39C7316}.Debug|iPhone.ActiveCfg = Debug|Any CPU
		{D81BFD49-05C3-4AFC-8C04-D5F2E39C7316}.Debug|iPhone.Build.0 = Debug|Any CPU
		{D81BFD49-05C3-4AFC-8C04-D5F2E39C7316}.Debug|iPhone.Deploy.0 = Debug|Any CPU
		{D81BFD49-05C3-4AFC-8C04-D5F2E39C7316}.Debug|iPhoneSimulator.ActiveCfg = Debug|Any CPU
		{D81BFD49-05C3-4AFC-8C04-D5F2E39C7316}.Debug|iPhoneSimulator.Build.0 = Debug|Any CPU
		{D81BFD49-05C3-4AFC-8C04-D5F2E39C7316}.Debug|iPhoneSimulator.Deploy.0 = Debug|Any CPU
		{D81BFD49-05C3-4AFC-8C04-D5F2E39C7316}.Release|Any CPU.ActiveCfg = Release|Any CPU
		{D81BFD49-05C3-4AFC-8C04-D5F2E39C7316}.Release|Any CPU.Build.0 = Release|Any CPU
		{D81BFD49-05C3-4AFC-8C04-D5F2E39C7316}.Release|Any CPU.Deploy.0 = Release|Any CPU
		{D81BFD49-05C3-4AFC-8C04-D5F2E39C7316}.Release|iPhone.ActiveCfg = Release|Any CPU
		{D81BFD49-05C3-4AFC-8C04-D5F2E39C7316}.Release|iPhone.Build.0 = Release|Any CPU
		{D81BFD49-05C3-4AFC-8C04-D5F2E39C7316}.Release|iPhone.Deploy.0 = Release|Any CPU
		{D81BFD49-05C3-4AFC-8C04-D5F2E39C7316}.Release|iPhoneSimulator.ActiveCfg = Release|Any CPU
		{D81BFD49-05C3-4AFC-8C04-D5F2E39C7316}.Release|iPhoneSimulator.Build.0 = Release|Any CPU
		{D81BFD49-05C3-4AFC-8C04-D5F2E39C7316}.Release|iPhoneSimulator.Deploy.0 = Release|Any CPU
		{B7CA5AD1-FC8D-47C3-889D-3246583697BF}.Ad-Hoc|Any CPU.ActiveCfg = Ad-Hoc|iPhone
		{B7CA5AD1-FC8D-47C3-889D-3246583697BF}.Ad-Hoc|iPhone.ActiveCfg = Ad-Hoc|iPhone
		{B7CA5AD1-FC8D-47C3-889D-3246583697BF}.Ad-Hoc|iPhone.Build.0 = Ad-Hoc|iPhone
		{B7CA5AD1-FC8D-47C3-889D-3246583697BF}.Ad-Hoc|iPhoneSimulator.ActiveCfg = Ad-Hoc|iPhoneSimulator
		{B7CA5AD1-FC8D-47C3-889D-3246583697BF}.Ad-Hoc|iPhoneSimulator.Build.0 = Ad-Hoc|iPhoneSimulator
		{B7CA5AD1-FC8D-47C3-889D-3246583697BF}.AppStore|Any CPU.ActiveCfg = AppStore|iPhone
		{B7CA5AD1-FC8D-47C3-889D-3246583697BF}.AppStore|iPhone.ActiveCfg = AppStore|iPhone
		{B7CA5AD1-FC8D-47C3-889D-3246583697BF}.AppStore|iPhone.Build.0 = AppStore|iPhone
		{B7CA5AD1-FC8D-47C3-889D-3246583697BF}.AppStore|iPhoneSimulator.ActiveCfg = AppStore|iPhoneSimulator
		{B7CA5AD1-FC8D-47C3-889D-3246583697BF}.AppStore|iPhoneSimulator.Build.0 = AppStore|iPhoneSimulator
		{B7CA5AD1-FC8D-47C3-889D-3246583697BF}.Debug|Any CPU.ActiveCfg = Debug|iPhone
		{B7CA5AD1-FC8D-47C3-889D-3246583697BF}.Debug|iPhone.ActiveCfg = Debug|iPhone
		{B7CA5AD1-FC8D-47C3-889D-3246583697BF}.Debug|iPhone.Build.0 = Debug|iPhone
		{B7CA5AD1-FC8D-47C3-889D-3246583697BF}.Debug|iPhoneSimulator.ActiveCfg = Debug|iPhoneSimulator
		{B7CA5AD1-FC8D-47C3-889D-3246583697BF}.Debug|iPhoneSimulator.Build.0 = Debug|iPhoneSimulator
		{B7CA5AD1-FC8D-47C3-889D-3246583697BF}.Release|Any CPU.ActiveCfg = Release|iPhone
		{B7CA5AD1-FC8D-47C3-889D-3246583697BF}.Release|iPhone.ActiveCfg = Release|iPhone
		{B7CA5AD1-FC8D-47C3-889D-3246583697BF}.Release|iPhone.Build.0 = Release|iPhone
		{B7CA5AD1-FC8D-47C3-889D-3246583697BF}.Release|iPhoneSimulator.ActiveCfg = Release|iPhoneSimulator
		{B7CA5AD1-FC8D-47C3-889D-3246583697BF}.Release|iPhoneSimulator.Build.0 = Release|iPhoneSimulator
		{052A1580-87D8-4D76-A1F8-2A01944D3EB9}.Ad-Hoc|Any CPU.ActiveCfg = Debug|Any CPU
		{052A1580-87D8-4D76-A1F8-2A01944D3EB9}.Ad-Hoc|Any CPU.Build.0 = Debug|Any CPU
		{052A1580-87D8-4D76-A1F8-2A01944D3EB9}.Ad-Hoc|iPhone.ActiveCfg = Debug|Any CPU
		{052A1580-87D8-4D76-A1F8-2A01944D3EB9}.Ad-Hoc|iPhone.Build.0 = Debug|Any CPU
		{052A1580-87D8-4D76-A1F8-2A01944D3EB9}.Ad-Hoc|iPhoneSimulator.ActiveCfg = Debug|Any CPU
		{052A1580-87D8-4D76-A1F8-2A01944D3EB9}.Ad-Hoc|iPhoneSimulator.Build.0 = Debug|Any CPU
		{052A1580-87D8-4D76-A1F8-2A01944D3EB9}.AppStore|Any CPU.ActiveCfg = Debug|Any CPU
		{052A1580-87D8-4D76-A1F8-2A01944D3EB9}.AppStore|Any CPU.Build.0 = Debug|Any CPU
		{052A1580-87D8-4D76-A1F8-2A01944D3EB9}.AppStore|iPhone.ActiveCfg = Debug|Any CPU
		{052A1580-87D8-4D76-A1F8-2A01944D3EB9}.AppStore|iPhone.Build.0 = Debug|Any CPU
		{052A1580-87D8-4D76-A1F8-2A01944D3EB9}.AppStore|iPhoneSimulator.ActiveCfg = Debug|Any CPU
		{052A1580-87D8-4D76-A1F8-2A01944D3EB9}.AppStore|iPhoneSimulator.Build.0 = Debug|Any CPU
		{052A1580-87D8-4D76-A1F8-2A01944D3EB9}.Debug|Any CPU.ActiveCfg = Debug|Any CPU
		{052A1580-87D8-4D76-A1F8-2A01944D3EB9}.Debug|Any CPU.Build.0 = Debug|Any CPU
		{052A1580-87D8-4D76-A1F8-2A01944D3EB9}.Debug|iPhone.ActiveCfg = Debug|Any CPU
		{052A1580-87D8-4D76-A1F8-2A01944D3EB9}.Debug|iPhone.Build.0 = Debug|Any CPU
		{052A1580-87D8-4D76-A1F8-2A01944D3EB9}.Debug|iPhoneSimulator.ActiveCfg = Debug|Any CPU
		{052A1580-87D8-4D76-A1F8-2A01944D3EB9}.Debug|iPhoneSimulator.Build.0 = Debug|Any CPU
		{052A1580-87D8-4D76-A1F8-2A01944D3EB9}.Release|Any CPU.ActiveCfg = Release|Any CPU
		{052A1580-87D8-4D76-A1F8-2A01944D3EB9}.Release|Any CPU.Build.0 = Release|Any CPU
		{052A1580-87D8-4D76-A1F8-2A01944D3EB9}.Release|iPhone.ActiveCfg = Release|Any CPU
		{052A1580-87D8-4D76-A1F8-2A01944D3EB9}.Release|iPhone.Build.0 = Release|Any CPU
		{052A1580-87D8-4D76-A1F8-2A01944D3EB9}.Release|iPhoneSimulator.ActiveCfg = Release|Any CPU
		{052A1580-87D8-4D76-A1F8-2A01944D3EB9}.Release|iPhoneSimulator.Build.0 = Release|Any CPU
		{EA69F12C-6E44-460B-BC2D-7C53F24021C4}.Ad-Hoc|Any CPU.ActiveCfg = Debug|Any CPU
		{EA69F12C-6E44-460B-BC2D-7C53F24021C4}.Ad-Hoc|Any CPU.Build.0 = Debug|Any CPU
		{EA69F12C-6E44-460B-BC2D-7C53F24021C4}.Ad-Hoc|iPhone.ActiveCfg = Debug|Any CPU
		{EA69F12C-6E44-460B-BC2D-7C53F24021C4}.Ad-Hoc|iPhone.Build.0 = Debug|Any CPU
		{EA69F12C-6E44-460B-BC2D-7C53F24021C4}.Ad-Hoc|iPhoneSimulator.ActiveCfg = Debug|Any CPU
		{EA69F12C-6E44-460B-BC2D-7C53F24021C4}.Ad-Hoc|iPhoneSimulator.Build.0 = Debug|Any CPU
		{EA69F12C-6E44-460B-BC2D-7C53F24021C4}.AppStore|Any CPU.ActiveCfg = Debug|Any CPU
		{EA69F12C-6E44-460B-BC2D-7C53F24021C4}.AppStore|Any CPU.Build.0 = Debug|Any CPU
		{EA69F12C-6E44-460B-BC2D-7C53F24021C4}.AppStore|iPhone.ActiveCfg = Debug|Any CPU
		{EA69F12C-6E44-460B-BC2D-7C53F24021C4}.AppStore|iPhone.Build.0 = Debug|Any CPU
		{EA69F12C-6E44-460B-BC2D-7C53F24021C4}.AppStore|iPhoneSimulator.ActiveCfg = Debug|Any CPU
		{EA69F12C-6E44-460B-BC2D-7C53F24021C4}.AppStore|iPhoneSimulator.Build.0 = Debug|Any CPU
		{EA69F12C-6E44-460B-BC2D-7C53F24021C4}.Debug|Any CPU.ActiveCfg = Debug|Any CPU
		{EA69F12C-6E44-460B-BC2D-7C53F24021C4}.Debug|Any CPU.Build.0 = Debug|Any CPU
		{EA69F12C-6E44-460B-BC2D-7C53F24021C4}.Debug|iPhone.ActiveCfg = Debug|Any CPU
		{EA69F12C-6E44-460B-BC2D-7C53F24021C4}.Debug|iPhone.Build.0 = Debug|Any CPU
		{EA69F12C-6E44-460B-BC2D-7C53F24021C4}.Debug|iPhoneSimulator.ActiveCfg = Debug|Any CPU
		{EA69F12C-6E44-460B-BC2D-7C53F24021C4}.Debug|iPhoneSimulator.Build.0 = Debug|Any CPU
		{EA69F12C-6E44-460B-BC2D-7C53F24021C4}.Release|Any CPU.ActiveCfg = Release|Any CPU
		{EA69F12C-6E44-460B-BC2D-7C53F24021C4}.Release|Any CPU.Build.0 = Release|Any CPU
		{EA69F12C-6E44-460B-BC2D-7C53F24021C4}.Release|iPhone.ActiveCfg = Release|Any CPU
		{EA69F12C-6E44-460B-BC2D-7C53F24021C4}.Release|iPhone.Build.0 = Release|Any CPU
		{EA69F12C-6E44-460B-BC2D-7C53F24021C4}.Release|iPhoneSimulator.ActiveCfg = Release|Any CPU
		{EA69F12C-6E44-460B-BC2D-7C53F24021C4}.Release|iPhoneSimulator.Build.0 = Release|Any CPU
		{AEEB81B0-12C6-4832-A6D9-A79701E5676F}.Ad-Hoc|Any CPU.ActiveCfg = Release|Any CPU
		{AEEB81B0-12C6-4832-A6D9-A79701E5676F}.Ad-Hoc|Any CPU.Build.0 = Release|Any CPU
		{AEEB81B0-12C6-4832-A6D9-A79701E5676F}.Ad-Hoc|iPhone.ActiveCfg = Release|Any CPU
		{AEEB81B0-12C6-4832-A6D9-A79701E5676F}.Ad-Hoc|iPhone.Build.0 = Release|Any CPU
		{AEEB81B0-12C6-4832-A6D9-A79701E5676F}.Ad-Hoc|iPhoneSimulator.ActiveCfg = Release|Any CPU
		{AEEB81B0-12C6-4832-A6D9-A79701E5676F}.Ad-Hoc|iPhoneSimulator.Build.0 = Release|Any CPU
		{AEEB81B0-12C6-4832-A6D9-A79701E5676F}.AppStore|Any CPU.ActiveCfg = Release|Any CPU
		{AEEB81B0-12C6-4832-A6D9-A79701E5676F}.AppStore|Any CPU.Build.0 = Release|Any CPU
		{AEEB81B0-12C6-4832-A6D9-A79701E5676F}.AppStore|iPhone.ActiveCfg = Release|Any CPU
		{AEEB81B0-12C6-4832-A6D9-A79701E5676F}.AppStore|iPhone.Build.0 = Release|Any CPU
		{AEEB81B0-12C6-4832-A6D9-A79701E5676F}.AppStore|iPhoneSimulator.ActiveCfg = Release|Any CPU
		{AEEB81B0-12C6-4832-A6D9-A79701E5676F}.AppStore|iPhoneSimulator.Build.0 = Release|Any CPU
		{AEEB81B0-12C6-4832-A6D9-A79701E5676F}.Debug|Any CPU.ActiveCfg = Debug|Any CPU
		{AEEB81B0-12C6-4832-A6D9-A79701E5676F}.Debug|Any CPU.Build.0 = Debug|Any CPU
		{AEEB81B0-12C6-4832-A6D9-A79701E5676F}.Debug|iPhone.ActiveCfg = Debug|Any CPU
		{AEEB81B0-12C6-4832-A6D9-A79701E5676F}.Debug|iPhone.Build.0 = Debug|Any CPU
		{AEEB81B0-12C6-4832-A6D9-A79701E5676F}.Debug|iPhoneSimulator.ActiveCfg = Debug|Any CPU
		{AEEB81B0-12C6-4832-A6D9-A79701E5676F}.Debug|iPhoneSimulator.Build.0 = Debug|Any CPU
		{AEEB81B0-12C6-4832-A6D9-A79701E5676F}.Release|Any CPU.ActiveCfg = Release|Any CPU
		{AEEB81B0-12C6-4832-A6D9-A79701E5676F}.Release|Any CPU.Build.0 = Release|Any CPU
		{AEEB81B0-12C6-4832-A6D9-A79701E5676F}.Release|iPhone.ActiveCfg = Release|Any CPU
		{AEEB81B0-12C6-4832-A6D9-A79701E5676F}.Release|iPhone.Build.0 = Release|Any CPU
		{AEEB81B0-12C6-4832-A6D9-A79701E5676F}.Release|iPhoneSimulator.ActiveCfg = Release|Any CPU
		{AEEB81B0-12C6-4832-A6D9-A79701E5676F}.Release|iPhoneSimulator.Build.0 = Release|Any CPU
		{EC90E1D7-ECB4-41EB-9CC1-267DC49F9662}.Ad-Hoc|Any CPU.ActiveCfg = Release|Any CPU
		{EC90E1D7-ECB4-41EB-9CC1-267DC49F9662}.Ad-Hoc|Any CPU.Build.0 = Release|Any CPU
		{EC90E1D7-ECB4-41EB-9CC1-267DC49F9662}.Ad-Hoc|iPhone.ActiveCfg = Release|Any CPU
		{EC90E1D7-ECB4-41EB-9CC1-267DC49F9662}.Ad-Hoc|iPhone.Build.0 = Release|Any CPU
		{EC90E1D7-ECB4-41EB-9CC1-267DC49F9662}.Ad-Hoc|iPhoneSimulator.ActiveCfg = Release|Any CPU
		{EC90E1D7-ECB4-41EB-9CC1-267DC49F9662}.Ad-Hoc|iPhoneSimulator.Build.0 = Release|Any CPU
		{EC90E1D7-ECB4-41EB-9CC1-267DC49F9662}.AppStore|Any CPU.ActiveCfg = Release|Any CPU
		{EC90E1D7-ECB4-41EB-9CC1-267DC49F9662}.AppStore|Any CPU.Build.0 = Release|Any CPU
		{EC90E1D7-ECB4-41EB-9CC1-267DC49F9662}.AppStore|iPhone.ActiveCfg = Release|Any CPU
		{EC90E1D7-ECB4-41EB-9CC1-267DC49F9662}.AppStore|iPhone.Build.0 = Release|Any CPU
		{EC90E1D7-ECB4-41EB-9CC1-267DC49F9662}.AppStore|iPhoneSimulator.ActiveCfg = Release|Any CPU
		{EC90E1D7-ECB4-41EB-9CC1-267DC49F9662}.AppStore|iPhoneSimulator.Build.0 = Release|Any CPU
		{EC90E1D7-ECB4-41EB-9CC1-267DC49F9662}.Debug|Any CPU.ActiveCfg = Debug|Any CPU
		{EC90E1D7-ECB4-41EB-9CC1-267DC49F9662}.Debug|Any CPU.Build.0 = Debug|Any CPU
		{EC90E1D7-ECB4-41EB-9CC1-267DC49F9662}.Debug|iPhone.ActiveCfg = Debug|Any CPU
		{EC90E1D7-ECB4-41EB-9CC1-267DC49F9662}.Debug|iPhone.Build.0 = Debug|Any CPU
		{EC90E1D7-ECB4-41EB-9CC1-267DC49F9662}.Debug|iPhoneSimulator.ActiveCfg = Debug|Any CPU
		{EC90E1D7-ECB4-41EB-9CC1-267DC49F9662}.Debug|iPhoneSimulator.Build.0 = Debug|Any CPU
		{EC90E1D7-ECB4-41EB-9CC1-267DC49F9662}.Release|Any CPU.ActiveCfg = Release|Any CPU
		{EC90E1D7-ECB4-41EB-9CC1-267DC49F9662}.Release|Any CPU.Build.0 = Release|Any CPU
		{EC90E1D7-ECB4-41EB-9CC1-267DC49F9662}.Release|iPhone.ActiveCfg = Release|Any CPU
		{EC90E1D7-ECB4-41EB-9CC1-267DC49F9662}.Release|iPhone.Build.0 = Release|Any CPU
		{EC90E1D7-ECB4-41EB-9CC1-267DC49F9662}.Release|iPhoneSimulator.ActiveCfg = Release|Any CPU
		{EC90E1D7-ECB4-41EB-9CC1-267DC49F9662}.Release|iPhoneSimulator.Build.0 = Release|Any CPU
		{2B86F2C7-1D30-47D9-9307-3FA11458FF09}.Ad-Hoc|Any CPU.ActiveCfg = Debug|Any CPU
		{2B86F2C7-1D30-47D9-9307-3FA11458FF09}.Ad-Hoc|Any CPU.Build.0 = Debug|Any CPU
		{2B86F2C7-1D30-47D9-9307-3FA11458FF09}.Ad-Hoc|iPhone.ActiveCfg = Debug|Any CPU
		{2B86F2C7-1D30-47D9-9307-3FA11458FF09}.Ad-Hoc|iPhone.Build.0 = Debug|Any CPU
		{2B86F2C7-1D30-47D9-9307-3FA11458FF09}.Ad-Hoc|iPhoneSimulator.ActiveCfg = Debug|Any CPU
		{2B86F2C7-1D30-47D9-9307-3FA11458FF09}.Ad-Hoc|iPhoneSimulator.Build.0 = Debug|Any CPU
		{2B86F2C7-1D30-47D9-9307-3FA11458FF09}.AppStore|Any CPU.ActiveCfg = Debug|Any CPU
		{2B86F2C7-1D30-47D9-9307-3FA11458FF09}.AppStore|Any CPU.Build.0 = Debug|Any CPU
		{2B86F2C7-1D30-47D9-9307-3FA11458FF09}.AppStore|iPhone.ActiveCfg = Debug|Any CPU
		{2B86F2C7-1D30-47D9-9307-3FA11458FF09}.AppStore|iPhone.Build.0 = Debug|Any CPU
		{2B86F2C7-1D30-47D9-9307-3FA11458FF09}.AppStore|iPhoneSimulator.ActiveCfg = Debug|Any CPU
		{2B86F2C7-1D30-47D9-9307-3FA11458FF09}.AppStore|iPhoneSimulator.Build.0 = Debug|Any CPU
		{2B86F2C7-1D30-47D9-9307-3FA11458FF09}.Debug|Any CPU.ActiveCfg = Debug|Any CPU
		{2B86F2C7-1D30-47D9-9307-3FA11458FF09}.Debug|Any CPU.Build.0 = Debug|Any CPU
		{2B86F2C7-1D30-47D9-9307-3FA11458FF09}.Debug|iPhone.ActiveCfg = Debug|Any CPU
		{2B86F2C7-1D30-47D9-9307-3FA11458FF09}.Debug|iPhone.Build.0 = Debug|Any CPU
		{2B86F2C7-1D30-47D9-9307-3FA11458FF09}.Debug|iPhoneSimulator.ActiveCfg = Debug|Any CPU
		{2B86F2C7-1D30-47D9-9307-3FA11458FF09}.Debug|iPhoneSimulator.Build.0 = Debug|Any CPU
		{2B86F2C7-1D30-47D9-9307-3FA11458FF09}.Release|Any CPU.ActiveCfg = Release|Any CPU
		{2B86F2C7-1D30-47D9-9307-3FA11458FF09}.Release|Any CPU.Build.0 = Release|Any CPU
		{2B86F2C7-1D30-47D9-9307-3FA11458FF09}.Release|iPhone.ActiveCfg = Release|Any CPU
		{2B86F2C7-1D30-47D9-9307-3FA11458FF09}.Release|iPhone.Build.0 = Release|Any CPU
		{2B86F2C7-1D30-47D9-9307-3FA11458FF09}.Release|iPhoneSimulator.ActiveCfg = Release|Any CPU
		{2B86F2C7-1D30-47D9-9307-3FA11458FF09}.Release|iPhoneSimulator.Build.0 = Release|Any CPU
	EndGlobalSection
	GlobalSection(SolutionProperties) = preSolution
		HideSolutionNode = FALSE
	EndGlobalSection
	GlobalSection(ExtensibilityGlobals) = postSolution
		SolutionGuid = {C6E7BF18-63D5-4F4D-A23E-FD511AFBAC77}
	EndGlobalSection
EndGlobal
